
Microsoft Visual Studio Solution File, Format Version 12.00
# Visual Studio Version 17
VisualStudioVersion = 17.7.34031.279
MinimumVisualStudioVersion = 10.0.40219.1
Project("{FAE04EC0-301F-11D3-BF4B-00C04F79EFBC}") = "SewHü", "SewHü.csproj", "{D55C409D-8BE2-45CE-B408-50E5ECBB0B20}"
EndProject
Global
	GlobalSection(SolutionConfigurationPlatforms) = preSolution
		Debug|Any CPU = Debug|Any CPU
		Release|Any CPU = Release|Any CPU
	EndGlobalSection
	GlobalSection(ProjectConfigurationPlatforms) = postSolution
		{D55C409D-8BE2-45CE-B408-50E5ECBB0B20}.Debug|Any CPU.ActiveCfg = Debug|Any CPU
		{D55C409D-8BE2-45CE-B408-50E5ECBB0B20}.Debug|Any CPU.Build.0 = Debug|Any CPU
		{D55C409D-8BE2-45CE-B408-50E5ECBB0B20}.Release|Any CPU.ActiveCfg = Release|Any CPU
		{D55C409D-8BE2-45CE-B408-50E5ECBB0B20}.Release|Any CPU.Build.0 = Release|Any CPU
	EndGlobalSection
	GlobalSection(SolutionProperties) = preSolution
		HideSolutionNode = FALSE
	EndGlobalSection
	GlobalSection(ExtensibilityGlobals) = postSolution
		SolutionGuid = {E57EF4F2-2100-4EE5-834E-5EDDB87E7FD4}
	EndGlobalSection
EndGlobal
